// !$*UTF8*$!
{
	archiveVersion = 1;
	classes = {
	};
	objectVersion = 56;
	objects = {

/* Begin PBXBuildFile section */
		5CA77E412B07F4DE0046B233 /* NewsApp_2App.swift in Sources */ = {isa = PBXBuildFile; fileRef = 5CA77E402B07F4DE0046B233 /* NewsApp_2App.swift */; };
		5CA77E452B07F4E00046B233 /* Assets.xcassets in Resources */ = {isa = PBXBuildFile; fileRef = 5CA77E442B07F4E00046B233 /* Assets.xcassets */; };
		5CA77E482B07F4E00046B233 /* Preview Assets.xcassets in Resources */ = {isa = PBXBuildFile; fileRef = 5CA77E472B07F4E00046B233 /* Preview Assets.xcassets */; };
		5CA77E4F2B07FE850046B233 /* NewsCategoriesGridView.swift in Sources */ = {isa = PBXBuildFile; fileRef = 5CA77E4E2B07FE850046B233 /* NewsCategoriesGridView.swift */; };
		5CA77E512B07FEF70046B233 /* NewsCategoriesGridViewModel.swift in Sources */ = {isa = PBXBuildFile; fileRef = 5CA77E502B07FEF70046B233 /* NewsCategoriesGridViewModel.swift */; };
		5CA77E572B08080D0046B233 /* NewsCategoryView.swift in Sources */ = {isa = PBXBuildFile; fileRef = 5CA77E562B08080D0046B233 /* NewsCategoryView.swift */; };
		5CA77E5A2B0808660046B233 /* NewsCategory.swift in Sources */ = {isa = PBXBuildFile; fileRef = 5CA77E592B0808660046B233 /* NewsCategory.swift */; };
		5CA77E5D2B080DB00046B233 /* NewsSourcesListView.swift in Sources */ = {isa = PBXBuildFile; fileRef = 5CA77E5C2B080DB00046B233 /* NewsSourcesListView.swift */; };
		5CA77E5F2B080E070046B233 /* NewsSources.swift in Sources */ = {isa = PBXBuildFile; fileRef = 5CA77E5E2B080E070046B233 /* NewsSources.swift */; };
		5CA77E612B080FD50046B233 /* NewsSourcesCellView.swift in Sources */ = {isa = PBXBuildFile; fileRef = 5CA77E602B080FD50046B233 /* NewsSourcesCellView.swift */; };
		5CB1356B2B0D23D5007DF783 /* NetworkManager.swift in Sources */ = {isa = PBXBuildFile; fileRef = 5CB1356A2B0D23D5007DF783 /* NetworkManager.swift */; };
		5CB1356D2B0D27E6007DF783 /* Article.swift in Sources */ = {isa = PBXBuildFile; fileRef = 5CB1356C2B0D27E6007DF783 /* Article.swift */; };
		5CB1356F2B0D2DAB007DF783 /* NewsArticles.swift in Sources */ = {isa = PBXBuildFile; fileRef = 5CB1356E2B0D2DAB007DF783 /* NewsArticles.swift */; };
		5CB135722B0D3037007DF783 /* ArticleCell.swift in Sources */ = {isa = PBXBuildFile; fileRef = 5CB135712B0D3037007DF783 /* ArticleCell.swift */; };
		5CB135752B0D3178007DF783 /* Image+Ext.swift in Sources */ = {isa = PBXBuildFile; fileRef = 5CB135742B0D3178007DF783 /* Image+Ext.swift */; };
		5CB135772B0D3595007DF783 /* NewsSourceListViewModel.swift in Sources */ = {isa = PBXBuildFile; fileRef = 5CB135762B0D3595007DF783 /* NewsSourceListViewModel.swift */; };
/* End PBXBuildFile section */

/* Begin PBXFileReference section */
		5CA77E3D2B07F4DE0046B233 /* NewsApp_2.app */ = {isa = PBXFileReference; explicitFileType = wrapper.application; includeInIndex = 0; path = NewsApp_2.app; sourceTree = BUILT_PRODUCTS_DIR; };
		5CA77E402B07F4DE0046B233 /* NewsApp_2App.swift */ = {isa = PBXFileReference; lastKnownFileType = sourcecode.swift; path = NewsApp_2App.swift; sourceTree = "<group>"; };
		5CA77E442B07F4E00046B233 /* Assets.xcassets */ = {isa = PBXFileReference; lastKnownFileType = folder.assetcatalog; path = Assets.xcassets; sourceTree = "<group>"; };
		5CA77E472B07F4E00046B233 /* Preview Assets.xcassets */ = {isa = PBXFileReference; lastKnownFileType = folder.assetcatalog; path = "Preview Assets.xcassets"; sourceTree = "<group>"; };
		5CA77E4E2B07FE850046B233 /* NewsCategoriesGridView.swift */ = {isa = PBXFileReference; lastKnownFileType = sourcecode.swift; path = NewsCategoriesGridView.swift; sourceTree = "<group>"; };
		5CA77E502B07FEF70046B233 /* NewsCategoriesGridViewModel.swift */ = {isa = PBXFileReference; lastKnownFileType = sourcecode.swift; path = NewsCategoriesGridViewModel.swift; sourceTree = "<group>"; };
		5CA77E562B08080D0046B233 /* NewsCategoryView.swift */ = {isa = PBXFileReference; lastKnownFileType = sourcecode.swift; path = NewsCategoryView.swift; sourceTree = "<group>"; };
		5CA77E592B0808660046B233 /* NewsCategory.swift */ = {isa = PBXFileReference; lastKnownFileType = sourcecode.swift; path = NewsCategory.swift; sourceTree = "<group>"; };
		5CA77E5C2B080DB00046B233 /* NewsSourcesListView.swift */ = {isa = PBXFileReference; lastKnownFileType = sourcecode.swift; path = NewsSourcesListView.swift; sourceTree = "<group>"; };
		5CA77E5E2B080E070046B233 /* NewsSources.swift */ = {isa = PBXFileReference; lastKnownFileType = sourcecode.swift; path = NewsSources.swift; sourceTree = "<group>"; };
		5CA77E602B080FD50046B233 /* NewsSourcesCellView.swift */ = {isa = PBXFileReference; lastKnownFileType = sourcecode.swift; path = NewsSourcesCellView.swift; sourceTree = "<group>"; };
		5CB1356A2B0D23D5007DF783 /* NetworkManager.swift */ = {isa = PBXFileReference; lastKnownFileType = sourcecode.swift; path = NetworkManager.swift; sourceTree = "<group>"; };
		5CB1356C2B0D27E6007DF783 /* Article.swift */ = {isa = PBXFileReference; lastKnownFileType = sourcecode.swift; path = Article.swift; sourceTree = "<group>"; };
		5CB1356E2B0D2DAB007DF783 /* NewsArticles.swift */ = {isa = PBXFileReference; lastKnownFileType = sourcecode.swift; path = NewsArticles.swift; sourceTree = "<group>"; };
		5CB135712B0D3037007DF783 /* ArticleCell.swift */ = {isa = PBXFileReference; lastKnownFileType = sourcecode.swift; path = ArticleCell.swift; sourceTree = "<group>"; };
		5CB135742B0D3178007DF783 /* Image+Ext.swift */ = {isa = PBXFileReference; lastKnownFileType = sourcecode.swift; path = "Image+Ext.swift"; sourceTree = "<group>"; };
		5CB135762B0D3595007DF783 /* NewsSourceListViewModel.swift */ = {isa = PBXFileReference; lastKnownFileType = sourcecode.swift; path = NewsSourceListViewModel.swift; sourceTree = "<group>"; };
/* End PBXFileReference section */

/* Begin PBXFrameworksBuildPhase section */
		5CA77E3A2B07F4DE0046B233 /* Frameworks */ = {
			isa = PBXFrameworksBuildPhase;
			buildActionMask = 2147483647;
			files = (
			);
			runOnlyForDeploymentPostprocessing = 0;
		};
/* End PBXFrameworksBuildPhase section */

/* Begin PBXGroup section */
		5CA77E342B07F4DE0046B233 = {
			isa = PBXGroup;
			children = (
				5CA77E3F2B07F4DE0046B233 /* NewsApp_2 */,
				5CA77E3E2B07F4DE0046B233 /* Products */,
			);
			sourceTree = "<group>";
		};
		5CA77E3E2B07F4DE0046B233 /* Products */ = {
			isa = PBXGroup;
			children = (
				5CA77E3D2B07F4DE0046B233 /* NewsApp_2.app */,
			);
			name = Products;
			sourceTree = "<group>";
		};
		5CA77E3F2B07F4DE0046B233 /* NewsApp_2 */ = {
			isa = PBXGroup;
			children = (
				5CB135682B0D23B3007DF783 /* Utilities */,
				5CA77E582B0808500046B233 /* Models */,
				5CA77E542B0807F50046B233 /* Views */,
				5CA77E522B07FEFF0046B233 /* Screens */,
				5CA77E402B07F4DE0046B233 /* NewsApp_2App.swift */,
				5CA77E442B07F4E00046B233 /* Assets.xcassets */,
				5CA77E462B07F4E00046B233 /* Preview Content */,
			);
			path = NewsApp_2;
			sourceTree = "<group>";
		};
		5CA77E462B07F4E00046B233 /* Preview Content */ = {
			isa = PBXGroup;
			children = (
				5CA77E472B07F4E00046B233 /* Preview Assets.xcassets */,
			);
			path = "Preview Content";
			sourceTree = "<group>";
		};
		5CA77E522B07FEFF0046B233 /* Screens */ = {
			isa = PBXGroup;
			children = (
				5CA77E532B07FF070046B233 /* NewsCategories */,
				5CA77E5B2B080D9D0046B233 /* NewsSources */,
				5CB135702B0D2DD7007DF783 /* NewsArticles */,
			);
			path = Screens;
			sourceTree = "<group>";
		};
		5CA77E532B07FF070046B233 /* NewsCategories */ = {
			isa = PBXGroup;
			children = (
				5CA77E502B07FEF70046B233 /* NewsCategoriesGridViewModel.swift */,
				5CA77E4E2B07FE850046B233 /* NewsCategoriesGridView.swift */,
			);
			path = NewsCategories;
			sourceTree = "<group>";
		};
		5CA77E542B0807F50046B233 /* Views */ = {
			isa = PBXGroup;
			children = (
				5CA77E562B08080D0046B233 /* NewsCategoryView.swift */,
			);
			path = Views;
			sourceTree = "<group>";
		};
		5CA77E582B0808500046B233 /* Models */ = {
			isa = PBXGroup;
			children = (
				5CA77E592B0808660046B233 /* NewsCategory.swift */,
				5CA77E5E2B080E070046B233 /* NewsSources.swift */,
				5CB1356C2B0D27E6007DF783 /* Article.swift */,
			);
			path = Models;
			sourceTree = "<group>";
		};
		5CA77E5B2B080D9D0046B233 /* NewsSources */ = {
			isa = PBXGroup;
			children = (
				5CB135762B0D3595007DF783 /* NewsSourceListViewModel.swift */,
				5CA77E5C2B080DB00046B233 /* NewsSourcesListView.swift */,
				5CA77E602B080FD50046B233 /* NewsSourcesCellView.swift */,
			);
			path = NewsSources;
			sourceTree = "<group>";
		};
		5CB135682B0D23B3007DF783 /* Utilities */ = {
			isa = PBXGroup;
			children = (
				5CB135732B0D3160007DF783 /* Extentions */,
				5CB135692B0D23BD007DF783 /* Managers */,
				5CB1356A2B0D23D5007DF783 /* NetworkManager.swift */,
			);
			path = Utilities;
			sourceTree = "<group>";
		};
		5CB135692B0D23BD007DF783 /* Managers */ = {
			isa = PBXGroup;
			children = (
			);
			path = Managers;
			sourceTree = "<group>";
		};
		5CB135702B0D2DD7007DF783 /* NewsArticles */ = {
			isa = PBXGroup;
			children = (
				5CB1356E2B0D2DAB007DF783 /* NewsArticles.swift */,
				5CB135712B0D3037007DF783 /* ArticleCell.swift */,
			);
			path = NewsArticles;
			sourceTree = "<group>";
		};
		5CB135732B0D3160007DF783 /* Extentions */ = {
			isa = PBXGroup;
			children = (
				5CB135742B0D3178007DF783 /* Image+Ext.swift */,
			);
			path = Extentions;
			sourceTree = "<group>";
		};
/* End PBXGroup section */

/* Begin PBXNativeTarget section */
		5CA77E3C2B07F4DE0046B233 /* NewsApp_2 */ = {
			isa = PBXNativeTarget;
			buildConfigurationList = 5CA77E4B2B07F4E00046B233 /* Build configuration list for PBXNativeTarget "NewsApp_2" */;
			buildPhases = (
				5CA77E392B07F4DE0046B233 /* Sources */,
				5CA77E3A2B07F4DE0046B233 /* Frameworks */,
				5CA77E3B2B07F4DE0046B233 /* Resources */,
			);
			buildRules = (
			);
			dependencies = (
			);
			name = NewsApp_2;
			productName = NewsApp_2;
			productReference = 5CA77E3D2B07F4DE0046B233 /* NewsApp_2.app */;
			productType = "com.apple.product-type.application";
		};
/* End PBXNativeTarget section */

/* Begin PBXProject section */
		5CA77E352B07F4DE0046B233 /* Project object */ = {
			isa = PBXProject;
			attributes = {
				BuildIndependentTargetsInParallel = 1;
				LastSwiftUpdateCheck = 1420;
				LastUpgradeCheck = 1420;
				TargetAttributes = {
					5CA77E3C2B07F4DE0046B233 = {
						CreatedOnToolsVersion = 14.2;
					};
				};
			};
			buildConfigurationList = 5CA77E382B07F4DE0046B233 /* Build configuration list for PBXProject "NewsApp_2" */;
			compatibilityVersion = "Xcode 14.0";
			developmentRegion = en;
			hasScannedForEncodings = 0;
			knownRegions = (
				en,
				Base,
			);
			mainGroup = 5CA77E342B07F4DE0046B233;
			productRefGroup = 5CA77E3E2B07F4DE0046B233 /* Products */;
			projectDirPath = "";
			projectRoot = "";
			targets = (
				5CA77E3C2B07F4DE0046B233 /* NewsApp_2 */,
			);
		};
/* End PBXProject section */

/* Begin PBXResourcesBuildPhase section */
		5CA77E3B2B07F4DE0046B233 /* Resources */ = {
			isa = PBXResourcesBuildPhase;
			buildActionMask = 2147483647;
			files = (
				5CA77E482B07F4E00046B233 /* Preview Assets.xcassets in Resources */,
				5CA77E452B07F4E00046B233 /* Assets.xcassets in Resources */,
			);
			runOnlyForDeploymentPostprocessing = 0;
		};
/* End PBXResourcesBuildPhase section */

/* Begin PBXSourcesBuildPhase section */
		5CA77E392B07F4DE0046B233 /* Sources */ = {
			isa = PBXSourcesBuildPhase;
			buildActionMask = 2147483647;
			files = (
				5CB1356B2B0D23D5007DF783 /* NetworkManager.swift in Sources */,
				5CA77E612B080FD50046B233 /* NewsSourcesCellView.swift in Sources */,
				5CA77E5A2B0808660046B233 /* NewsCategory.swift in Sources */,
				5CA77E512B07FEF70046B233 /* NewsCategoriesGridViewModel.swift in Sources */,
				5CB135772B0D3595007DF783 /* NewsSourceListViewModel.swift in Sources */,
				5CB1356D2B0D27E6007DF783 /* Article.swift in Sources */,
				5CB135752B0D3178007DF783 /* Image+Ext.swift in Sources */,
				5CA77E5D2B080DB00046B233 /* NewsSourcesListView.swift in Sources */,
				5CA77E4F2B07FE850046B233 /* NewsCategoriesGridView.swift in Sources */,
				5CA77E412B07F4DE0046B233 /* NewsApp_2App.swift in Sources */,
				5CB135722B0D3037007DF783 /* ArticleCell.swift in Sources */,
				5CB1356F2B0D2DAB007DF783 /* NewsArticles.swift in Sources */,
				5CA77E572B08080D0046B233 /* NewsCategoryView.swift in Sources */,
				5CA77E5F2B080E070046B233 /* NewsSources.swift in Sources */,
			);
			runOnlyForDeploymentPostprocessing = 0;
		};
/* End PBXSourcesBuildPhase section */

/* Begin XCBuildConfiguration section */
		5CA77E492B07F4E00046B233 /* Debug */ = {
			isa = XCBuildConfiguration;
			buildSettings = {
				ALWAYS_SEARCH_USER_PATHS = NO;
				CLANG_ANALYZER_NONNULL = YES;
				CLANG_ANALYZER_NUMBER_OBJECT_CONVERSION = YES_AGGRESSIVE;
				CLANG_CXX_LANGUAGE_STANDARD = "gnu++20";
				CLANG_ENABLE_MODULES = YES;
				CLANG_ENABLE_OBJC_ARC = YES;
				CLANG_ENABLE_OBJC_WEAK = YES;
				CLANG_WARN_BLOCK_CAPTURE_AUTORELEASING = YES;
				CLANG_WARN_BOOL_CONVERSION = YES;
				CLANG_WARN_COMMA = YES;
				CLANG_WARN_CONSTANT_CONVERSION = YES;
				CLANG_WARN_DEPRECATED_OBJC_IMPLEMENTATIONS = YES;
				CLANG_WARN_DIRECT_OBJC_ISA_USAGE = YES_ERROR;
				CLANG_WARN_DOCUMENTATION_COMMENTS = YES;
				CLANG_WARN_EMPTY_BODY = YES;
				CLANG_WARN_ENUM_CONVERSION = YES;
				CLANG_WARN_INFINITE_RECURSION = YES;
				CLANG_WARN_INT_CONVERSION = YES;
				CLANG_WARN_NON_LITERAL_NULL_CONVERSION = YES;
				CLANG_WARN_OBJC_IMPLICIT_RETAIN_SELF = YES;
				CLANG_WARN_OBJC_LITERAL_CONVERSION = YES;
				CLANG_WARN_OBJC_ROOT_CLASS = YES_ERROR;
				CLANG_WARN_QUOTED_INCLUDE_IN_FRAMEWORK_HEADER = YES;
				CLANG_WARN_RANGE_LOOP_ANALYSIS = YES;
				CLANG_WARN_STRICT_PROTOTYPES = YES;
				CLANG_WARN_SUSPICIOUS_MOVE = YES;
				CLANG_WARN_UNGUARDED_AVAILABILITY = YES_AGGRESSIVE;
				CLANG_WARN_UNREACHABLE_CODE = YES;
				CLANG_WARN__DUPLICATE_METHOD_MATCH = YES;
				COPY_PHASE_STRIP = NO;
				DEBUG_INFORMATION_FORMAT = dwarf;
				ENABLE_STRICT_OBJC_MSGSEND = YES;
				ENABLE_TESTABILITY = YES;
				GCC_C_LANGUAGE_STANDARD = gnu11;
				GCC_DYNAMIC_NO_PIC = NO;
				GCC_NO_COMMON_BLOCKS = YES;
				GCC_OPTIMIZATION_LEVEL = 0;
				GCC_PREPROCESSOR_DEFINITIONS = (
					"DEBUG=1",
					"$(inherited)",
				);
				GCC_WARN_64_TO_32_BIT_CONVERSION = YES;
				GCC_WARN_ABOUT_RETURN_TYPE = YES_ERROR;
				GCC_WARN_UNDECLARED_SELECTOR = YES;
				GCC_WARN_UNINITIALIZED_AUTOS = YES_AGGRESSIVE;
				GCC_WARN_UNUSED_FUNCTION = YES;
				GCC_WARN_UNUSED_VARIABLE = YES;
				IPHONEOS_DEPLOYMENT_TARGET = 16.2;
				MTL_ENABLE_DEBUG_INFO = INCLUDE_SOURCE;
				MTL_FAST_MATH = YES;
				ONLY_ACTIVE_ARCH = YES;
				SDKROOT = iphoneos;
				SWIFT_ACTIVE_COMPILATION_CONDITIONS = DEBUG;
				SWIFT_OPTIMIZATION_LEVEL = "-Onone";
			};
			name = Debug;
		};
		5CA77E4A2B07F4E00046B233 /* Release */ = {
			isa = XCBuildConfiguration;
			buildSettings = {
				ALWAYS_SEARCH_USER_PATHS = NO;
				CLANG_ANALYZER_NONNULL = YES;
				CLANG_ANALYZER_NUMBER_OBJECT_CONVERSION = YES_AGGRESSIVE;
				CLANG_CXX_LANGUAGE_STANDARD = "gnu++20";
				CLANG_ENABLE_MODULES = YES;
				CLANG_ENABLE_OBJC_ARC = YES;
				CLANG_ENABLE_OBJC_WEAK = YES;
				CLANG_WARN_BLOCK_CAPTURE_AUTORELEASING = YES;
				CLANG_WARN_BOOL_CONVERSION = YES;
				CLANG_WARN_COMMA = YES;
				CLANG_WARN_CONSTANT_CONVERSION = YES;
				CLANG_WARN_DEPRECATED_OBJC_IMPLEMENTATIONS = YES;
				CLANG_WARN_DIRECT_OBJC_ISA_USAGE = YES_ERROR;
				CLANG_WARN_DOCUMENTATION_COMMENTS = YES;
				CLANG_WARN_EMPTY_BODY = YES;
				CLANG_WARN_ENUM_CONVERSION = YES;
				CLANG_WARN_INFINITE_RECURSION = YES;
				CLANG_WARN_INT_CONVERSION = YES;
				CLANG_WARN_NON_LITERAL_NULL_CONVERSION = YES;
				CLANG_WARN_OBJC_IMPLICIT_RETAIN_SELF = YES;
				CLANG_WARN_OBJC_LITERAL_CONVERSION = YES;
				CLANG_WARN_OBJC_ROOT_CLASS = YES_ERROR;
				CLANG_WARN_QUOTED_INCLUDE_IN_FRAMEWORK_HEADER = YES;
				CLANG_WARN_RANGE_LOOP_ANALYSIS = YES;
				CLANG_WARN_STRICT_PROTOTYPES = YES;
				CLANG_WARN_SUSPICIOUS_MOVE = YES;
				CLANG_WARN_UNGUARDED_AVAILABILITY = YES_AGGRESSIVE;
				CLANG_WARN_UNREACHABLE_CODE = YES;
				CLANG_WARN__DUPLICATE_METHOD_MATCH = YES;
				COPY_PHASE_STRIP = NO;
				DEBUG_INFORMATION_FORMAT = "dwarf-with-dsym";
				ENABLE_NS_ASSERTIONS = NO;
				ENABLE_STRICT_OBJC_MSGSEND = YES;
				GCC_C_LANGUAGE_STANDARD = gnu11;
				GCC_NO_COMMON_BLOCKS = YES;
				GCC_WARN_64_TO_32_BIT_CONVERSION = YES;
				GCC_WARN_ABOUT_RETURN_TYPE = YES_ERROR;
				GCC_WARN_UNDECLARED_SELECTOR = YES;
				GCC_WARN_UNINITIALIZED_AUTOS = YES_AGGRESSIVE;
				GCC_WARN_UNUSED_FUNCTION = YES;
				GCC_WARN_UNUSED_VARIABLE = YES;
				IPHONEOS_DEPLOYMENT_TARGET = 16.2;
				MTL_ENABLE_DEBUG_INFO = NO;
				MTL_FAST_MATH = YES;
				SDKROOT = iphoneos;
				SWIFT_COMPILATION_MODE = wholemodule;
				SWIFT_OPTIMIZATION_LEVEL = "-O";
				VALIDATE_PRODUCT = YES;
			};
			name = Release;
		};
		5CA77E4C2B07F4E00046B233 /* Debug */ = {
			isa = XCBuildConfiguration;
			buildSettings = {
				ASSETCATALOG_COMPILER_APPICON_NAME = AppIcon;
				ASSETCATALOG_COMPILER_GLOBAL_ACCENT_COLOR_NAME = AccentColor;
				CODE_SIGN_STYLE = Automatic;
				CURRENT_PROJECT_VERSION = 1;
				DEVELOPMENT_ASSET_PATHS = "\"NewsApp_2/Preview Content\"";
				DEVELOPMENT_TEAM = A376FP7M6Q;
				ENABLE_PREVIEWS = YES;
				GENERATE_INFOPLIST_FILE = YES;
				INFOPLIST_KEY_UIApplicationSceneManifest_Generation = YES;
				INFOPLIST_KEY_UIApplicationSupportsIndirectInputEvents = YES;
				INFOPLIST_KEY_UILaunchScreen_Generation = YES;
				INFOPLIST_KEY_UISupportedInterfaceOrientations_iPad = "UIInterfaceOrientationPortrait UIInterfaceOrientationPortraitUpsideDown UIInterfaceOrientationLandscapeLeft UIInterfaceOrientationLandscapeRight";
				INFOPLIST_KEY_UISupportedInterfaceOrientations_iPhone = "UIInterfaceOrientationPortrait UIInterfaceOrientationLandscapeLeft UIInterfaceOrientationLandscapeRight";
				LD_RUNPATH_SEARCH_PATHS = (
					"$(inherited)",
					"@executable_path/Frameworks",
				);
				MARKETING_VERSION = 1.0;
				PRODUCT_BUNDLE_IDENTIFIER = "almagroupcom2016.developer.NewsApp-2";
				PRODUCT_NAME = "$(TARGET_NAME)";
				SWIFT_EMIT_LOC_STRINGS = YES;
				SWIFT_VERSION = 5.0;
				TARGETED_DEVICE_FAMILY = "1,2";
			};
			name = Debug;
		};
		5CA77E4D2B07F4E00046B233 /* Release */ = {
			isa = XCBuildConfiguration;
			buildSettings = {
				ASSETCATALOG_COMPILER_APPICON_NAME = AppIcon;
				ASSETCATALOG_COMPILER_GLOBAL_ACCENT_COLOR_NAME = AccentColor;
				CODE_SIGN_STYLE = Automatic;
				CURRENT_PROJECT_VERSION = 1;
				DEVELOPMENT_ASSET_PATHS = "\"NewsApp_2/Preview Content\"";
				DEVELOPMENT_TEAM = A376FP7M6Q;
				ENABLE_PREVIEWS = YES;
				GENERATE_INFOPLIST_FILE = YES;
				INFOPLIST_KEY_UIApplicationSceneManifest_Generation = YES;
				INFOPLIST_KEY_UIApplicationSupportsIndirectInputEvents = YES;
				INFOPLIST_KEY_UILaunchScreen_Generation = YES;
				INFOPLIST_KEY_UISupportedInterfaceOrientations_iPad = "UIInterfaceOrientationPortrait UIInterfaceOrientationPortraitUpsideDown UIInterfaceOrientationLandscapeLeft UIInterfaceOrientationLandscapeRight";
				INFOPLIST_KEY_UISupportedInterfaceOrientations_iPhone = "UIInterfaceOrientationPortrait UIInterfaceOrientationLandscapeLeft UIInterfaceOrientationLandscapeRight";
				LD_RUNPATH_SEARCH_PATHS = (
					"$(inherited)",
					"@executable_path/Frameworks",
				);
				MARKETING_VERSION = 1.0;
				PRODUCT_BUNDLE_IDENTIFIER = "almagroupcom2016.developer.NewsApp-2";
				PRODUCT_NAME = "$(TARGET_NAME)";
				SWIFT_EMIT_LOC_STRINGS = YES;
				SWIFT_VERSION = 5.0;
				TARGETED_DEVICE_FAMILY = "1,2";
			};
			name = Release;
		};
/* End XCBuildConfiguration section */

/* Begin XCConfigurationList section */
		5CA77E382B07F4DE0046B233 /* Build configuration list for PBXProject "NewsApp_2" */ = {
			isa = XCConfigurationList;
			buildConfigurations = (
				5CA77E492B07F4E00046B233 /* Debug */,
				5CA77E4A2B07F4E00046B233 /* Release */,
			);
			defaultConfigurationIsVisible = 0;
			defaultConfigurationName = Release;
		};
		5CA77E4B2B07F4E00046B233 /* Build configuration list for PBXNativeTarget "NewsApp_2" */ = {
			isa = XCConfigurationList;
			buildConfigurations = (
				5CA77E4C2B07F4E00046B233 /* Debug */,
				5CA77E4D2B07F4E00046B233 /* Release */,
			);
			defaultConfigurationIsVisible = 0;
			defaultConfigurationName = Release;
		};
/* End XCConfigurationList section */
	};
	rootObject = 5CA77E352B07F4DE0046B233 /* Project object */;
}
